
Microsoft Visual Studio Solution File, Format Version 12.00
# Visual Studio Version 17
VisualStudioVersion = 17.13.35931.197 d17.13
MinimumVisualStudioVersion = 10.0.40219.1
Project("{FAE04EC0-301F-11D3-BF4B-00C04F79EFBC}") = "Reports", "Reports\Reports.csproj", "{B25B22E2-273C-40D2-994B-7C7A2163C162}"
EndProject
Global
	GlobalSection(SolutionConfigurationPlatforms) = preSolution
		Debug|Any CPU = Debug|Any CPU
		Release|Any CPU = Release|Any CPU
	EndGlobalSection
	GlobalSection(ProjectConfigurationPlatforms) = postSolution
		{B25B22E2-273C-40D2-994B-7C7A2163C162}.Debug|Any CPU.ActiveCfg = Debug|Any CPU
		{B25B22E2-273C-40D2-994B-7C7A2163C162}.Debug|Any CPU.Build.0 = Debug|Any CPU
		{B25B22E2-273C-40D2-994B-7C7A2163C162}.Release|Any CPU.ActiveCfg = Release|Any CPU
		{B25B22E2-273C-40D2-994B-7C7A2163C162}.Release|Any CPU.Build.0 = Release|Any CPU
	EndGlobalSection
	GlobalSection(SolutionProperties) = preSolution
		HideSolutionNode = FALSE
	EndGlobalSection
	GlobalSection(ExtensibilityGlobals) = postSolution
		SolutionGuid = {2C9FF87D-57BF-466A-8B80-2DF74DBF5558}
	EndGlobalSection
EndGlobal
